
Microsoft Visual Studio Solution File, Format Version 12.00
# Visual Studio Version 17
VisualStudioVersion = 17.0.32126.317
MinimumVisualStudioVersion = 10.0.40219.1
Project("{FAE04EC0-301F-11D3-BF4B-00C04F79EFBC}") = "CGA_Store", "CGA_Store\CGA_Store.csproj", "{905AB2C9-6151-4FDC-B7E0-AF6D83EE6408}"
EndProject
Global
	GlobalSection(SolutionConfigurationPlatforms) = preSolution
		Debug|Any CPU = Debug|Any CPU
		Release|Any CPU = Release|Any CPU
	EndGlobalSection
	GlobalSection(ProjectConfigurationPlatforms) = postSolution
		{905AB2C9-6151-4FDC-B7E0-AF6D83EE6408}.Debug|Any CPU.ActiveCfg = Debug|Any CPU
		{905AB2C9-6151-4FDC-B7E0-AF6D83EE6408}.Debug|Any CPU.Build.0 = Debug|Any CPU
		{905AB2C9-6151-4FDC-B7E0-AF6D83EE6408}.Release|Any CPU.ActiveCfg = Release|Any CPU
		{905AB2C9-6151-4FDC-B7E0-AF6D83EE6408}.Release|Any CPU.Build.0 = Release|Any CPU
	EndGlobalSection
	GlobalSection(SolutionProperties) = preSolution
		HideSolutionNode = FALSE
	EndGlobalSection
	GlobalSection(ExtensibilityGlobals) = postSolution
		SolutionGuid = {722019F5-4A38-4A06-AB8B-9448DEAFE218}
	EndGlobalSection
EndGlobal
